
Microsoft Visual Studio Solution File, Format Version 12.00
# Visual Studio Version 17
VisualStudioVersion = 17.9.34607.119
MinimumVisualStudioVersion = 10.0.40219.1
Project("{FAE04EC0-301F-11D3-BF4B-00C04F79EFBC}") = "OperadoresAritimeticos", "OperadoresAritimeticos\OperadoresAritimeticos.csproj", "{5C559F6B-137D-472B-8B13-4C722905193A}"
EndProject
Global
	GlobalSection(SolutionConfigurationPlatforms) = preSolution
		Debug|Any CPU = Debug|Any CPU
		Release|Any CPU = Release|Any CPU
	EndGlobalSection
	GlobalSection(ProjectConfigurationPlatforms) = postSolution
		{5C559F6B-137D-472B-8B13-4C722905193A}.Debug|Any CPU.ActiveCfg = Debug|Any CPU
		{5C559F6B-137D-472B-8B13-4C722905193A}.Debug|Any CPU.Build.0 = Debug|Any CPU
		{5C559F6B-137D-472B-8B13-4C722905193A}.Release|Any CPU.ActiveCfg = Release|Any CPU
		{5C559F6B-137D-472B-8B13-4C722905193A}.Release|Any CPU.Build.0 = Release|Any CPU
	EndGlobalSection
	GlobalSection(SolutionProperties) = preSolution
		HideSolutionNode = FALSE
	EndGlobalSection
	GlobalSection(ExtensibilityGlobals) = postSolution
		SolutionGuid = {7D44A2BE-B46A-4AD0-AB2B-0FA5A7016489}
	EndGlobalSection
EndGlobal
